// !$*UTF8*$!
{
	archiveVersion = 1;
	classes = {
	};
	objectVersion = 55;
	objects = {

/* Begin PBXBuildFile section */
		CD8A26FB274858CB0096143A /* URLSessionHTTPClientTests.swift in Sources */ = {isa = PBXBuildFile; fileRef = CD8A26FA274858CB0096143A /* URLSessionHTTPClientTests.swift */; };
		CD8A26FD274858F80096143A /* URLSessionHTTPClient.swift in Sources */ = {isa = PBXBuildFile; fileRef = CD8A26FC274858F80096143A /* URLSessionHTTPClient.swift */; };
		CD8A2701274859530096143A /* HTTPClient.swift in Sources */ = {isa = PBXBuildFile; fileRef = CD8A2700274859530096143A /* HTTPClient.swift */; };
		CD8A270427485BB40096143A /* URLProtocolStub.swift in Sources */ = {isa = PBXBuildFile; fileRef = CD8A270327485BB40096143A /* URLProtocolStub.swift */; };
		CD8A27082748726E0096143A /* ActivitiesMapperTests.swift in Sources */ = {isa = PBXBuildFile; fileRef = CD8A27072748726E0096143A /* ActivitiesMapperTests.swift */; };
		CD8A270A274873480096143A /* ActivitiesMapper.swift in Sources */ = {isa = PBXBuildFile; fileRef = CD8A2709274873480096143A /* ActivitiesMapper.swift */; };
		CD8A270D274875080096143A /* TestHelperFunctions.swift in Sources */ = {isa = PBXBuildFile; fileRef = CD8A270C274875080096143A /* TestHelperFunctions.swift */; };
		CD8A270F274957050096143A /* Activity.swift in Sources */ = {isa = PBXBuildFile; fileRef = CD8A270E274957050096143A /* Activity.swift */; };
		CD8A2711274957FE0096143A /* ActivityEndpoint.swift in Sources */ = {isa = PBXBuildFile; fileRef = CD8A2710274957FE0096143A /* ActivityEndpoint.swift */; };
		CD8A2713274959260096143A /* ActivityEndpointTests.swift in Sources */ = {isa = PBXBuildFile; fileRef = CD8A2712274959250096143A /* ActivityEndpointTests.swift */; };
		CD9D385E274BF2A4005E849B /* LazyFolksiOS.framework in Frameworks */ = {isa = PBXBuildFile; fileRef = CD9D3856274BF2A4005E849B /* LazyFolksiOS.framework */; };
		CD9D386C274BF3C3005E849B /* LazyFolksEngine.framework in Frameworks */ = {isa = PBXBuildFile; fileRef = CDD8B5D927482B2400C9F7FF /* LazyFolksEngine.framework */; };
		CD9D386D274BF3C3005E849B /* LazyFolksEngine.framework in Embed Frameworks */ = {isa = PBXBuildFile; fileRef = CDD8B5D927482B2400C9F7FF /* LazyFolksEngine.framework */; settings = {ATTRIBUTES = (CodeSignOnCopy, RemoveHeadersOnCopy, ); }; };
		CD9D3873274BF576005E849B /* UIViewController+Snapshot.swift in Sources */ = {isa = PBXBuildFile; fileRef = CD9D3872274BF576005E849B /* UIViewController+Snapshot.swift */; };
		CD9D3875274BF5BA005E849B /* XCTestCase+Snapshot.swift in Sources */ = {isa = PBXBuildFile; fileRef = CD9D3874274BF5BA005E849B /* XCTestCase+Snapshot.swift */; };
		CD9D3878274BF609005E849B /* SearchActivityViewController.swift in Sources */ = {isa = PBXBuildFile; fileRef = CD9D3877274BF609005E849B /* SearchActivityViewController.swift */; };
		CD9D387C274BF7D1005E849B /* SearchViewControllerSnapshotTests.swift in Sources */ = {isa = PBXBuildFile; fileRef = CD9D387B274BF7D1005E849B /* SearchViewControllerSnapshotTests.swift */; };
		CD9D387E274BF956005E849B /* SearchActivityView.swift in Sources */ = {isa = PBXBuildFile; fileRef = CD9D387D274BF956005E849B /* SearchActivityView.swift */; };
		CD9D3882274C47C4005E849B /* SEARCH_VIEW_light.png in Resources */ = {isa = PBXBuildFile; fileRef = CD9D3880274C47C4005E849B /* SEARCH_VIEW_light.png */; };
		CD9D3883274C47C4005E849B /* SEARCH_VIEW_dark.png in Resources */ = {isa = PBXBuildFile; fileRef = CD9D3881274C47C4005E849B /* SEARCH_VIEW_dark.png */; };
		CD9D3885274C5491005E849B /* LoadingButton.swift in Sources */ = {isa = PBXBuildFile; fileRef = CD9D3884274C5491005E849B /* LoadingButton.swift */; };
		CD9D3889274C6034005E849B /* SEARCH_VIEW_LOADING_dark.png in Resources */ = {isa = PBXBuildFile; fileRef = CD9D3887274C6034005E849B /* SEARCH_VIEW_LOADING_dark.png */; };
		CD9D388A274C6034005E849B /* SEARCH_VIEW_LOADING_light.png in Resources */ = {isa = PBXBuildFile; fileRef = CD9D3888274C6034005E849B /* SEARCH_VIEW_LOADING_light.png */; };
		CD9D388C274C6188005E849B /* ErrorView.swift in Sources */ = {isa = PBXBuildFile; fileRef = CD9D388B274C6188005E849B /* ErrorView.swift */; };
		CDD8B5E227482B2400C9F7FF /* LazyFolksEngine.framework in Frameworks */ = {isa = PBXBuildFile; fileRef = CDD8B5D927482B2400C9F7FF /* LazyFolksEngine.framework */; };
/* End PBXBuildFile section */

/* Begin PBXContainerItemProxy section */
		CD9D385F274BF2A4005E849B /* PBXContainerItemProxy */ = {
			isa = PBXContainerItemProxy;
			containerPortal = CDD8B5D027482B2400C9F7FF /* Project object */;
			proxyType = 1;
			remoteGlobalIDString = CD9D3855274BF2A4005E849B;
			remoteInfo = LazyFolksiOS;
		};
		CD9D386E274BF3C3005E849B /* PBXContainerItemProxy */ = {
			isa = PBXContainerItemProxy;
			containerPortal = CDD8B5D027482B2400C9F7FF /* Project object */;
			proxyType = 1;
			remoteGlobalIDString = CDD8B5D827482B2400C9F7FF;
			remoteInfo = LazyFolksEngine;
		};
		CDD8B5E327482B2400C9F7FF /* PBXContainerItemProxy */ = {
			isa = PBXContainerItemProxy;
			containerPortal = CDD8B5D027482B2400C9F7FF /* Project object */;
			proxyType = 1;
			remoteGlobalIDString = CDD8B5D827482B2400C9F7FF;
			remoteInfo = LazyFolksEngine;
		};
/* End PBXContainerItemProxy section */

/* Begin PBXCopyFilesBuildPhase section */
		CD9D3870274BF3C3005E849B /* Embed Frameworks */ = {
			isa = PBXCopyFilesBuildPhase;
			buildActionMask = 2147483647;
			dstPath = "";
			dstSubfolderSpec = 10;
			files = (
				CD9D386D274BF3C3005E849B /* LazyFolksEngine.framework in Embed Frameworks */,
			);
			name = "Embed Frameworks";
			runOnlyForDeploymentPostprocessing = 0;
		};
/* End PBXCopyFilesBuildPhase section */

/* Begin PBXFileReference section */
		CD8A26FA274858CB0096143A /* URLSessionHTTPClientTests.swift */ = {isa = PBXFileReference; lastKnownFileType = sourcecode.swift; path = URLSessionHTTPClientTests.swift; sourceTree = "<group>"; };
		CD8A26FC274858F80096143A /* URLSessionHTTPClient.swift */ = {isa = PBXFileReference; lastKnownFileType = sourcecode.swift; path = URLSessionHTTPClient.swift; sourceTree = "<group>"; };
		CD8A2700274859530096143A /* HTTPClient.swift */ = {isa = PBXFileReference; lastKnownFileType = sourcecode.swift; path = HTTPClient.swift; sourceTree = "<group>"; };
		CD8A270327485BB40096143A /* URLProtocolStub.swift */ = {isa = PBXFileReference; lastKnownFileType = sourcecode.swift; path = URLProtocolStub.swift; sourceTree = "<group>"; };
		CD8A27072748726E0096143A /* ActivitiesMapperTests.swift */ = {isa = PBXFileReference; lastKnownFileType = sourcecode.swift; path = ActivitiesMapperTests.swift; sourceTree = "<group>"; };
		CD8A2709274873480096143A /* ActivitiesMapper.swift */ = {isa = PBXFileReference; lastKnownFileType = sourcecode.swift; path = ActivitiesMapper.swift; sourceTree = "<group>"; };
		CD8A270C274875080096143A /* TestHelperFunctions.swift */ = {isa = PBXFileReference; lastKnownFileType = sourcecode.swift; path = TestHelperFunctions.swift; sourceTree = "<group>"; };
		CD8A270E274957050096143A /* Activity.swift */ = {isa = PBXFileReference; lastKnownFileType = sourcecode.swift; path = Activity.swift; sourceTree = "<group>"; };
		CD8A2710274957FE0096143A /* ActivityEndpoint.swift */ = {isa = PBXFileReference; lastKnownFileType = sourcecode.swift; path = ActivityEndpoint.swift; sourceTree = "<group>"; };
		CD8A2712274959250096143A /* ActivityEndpointTests.swift */ = {isa = PBXFileReference; lastKnownFileType = sourcecode.swift; path = ActivityEndpointTests.swift; sourceTree = "<group>"; };
		CD9D3856274BF2A4005E849B /* LazyFolksiOS.framework */ = {isa = PBXFileReference; explicitFileType = wrapper.framework; includeInIndex = 0; path = LazyFolksiOS.framework; sourceTree = BUILT_PRODUCTS_DIR; };
		CD9D385D274BF2A4005E849B /* LazyFolksiOSTests.xctest */ = {isa = PBXFileReference; explicitFileType = wrapper.cfbundle; includeInIndex = 0; path = LazyFolksiOSTests.xctest; sourceTree = BUILT_PRODUCTS_DIR; };
		CD9D3872274BF576005E849B /* UIViewController+Snapshot.swift */ = {isa = PBXFileReference; lastKnownFileType = sourcecode.swift; path = "UIViewController+Snapshot.swift"; sourceTree = "<group>"; };
		CD9D3874274BF5BA005E849B /* XCTestCase+Snapshot.swift */ = {isa = PBXFileReference; lastKnownFileType = sourcecode.swift; path = "XCTestCase+Snapshot.swift"; sourceTree = "<group>"; };
		CD9D3877274BF609005E849B /* SearchActivityViewController.swift */ = {isa = PBXFileReference; lastKnownFileType = sourcecode.swift; path = SearchActivityViewController.swift; sourceTree = "<group>"; };
		CD9D387B274BF7D1005E849B /* SearchViewControllerSnapshotTests.swift */ = {isa = PBXFileReference; lastKnownFileType = sourcecode.swift; path = SearchViewControllerSnapshotTests.swift; sourceTree = "<group>"; };
		CD9D387D274BF956005E849B /* SearchActivityView.swift */ = {isa = PBXFileReference; lastKnownFileType = sourcecode.swift; path = SearchActivityView.swift; sourceTree = "<group>"; };
		CD9D3880274C47C4005E849B /* SEARCH_VIEW_light.png */ = {isa = PBXFileReference; lastKnownFileType = image.png; path = SEARCH_VIEW_light.png; sourceTree = "<group>"; };
		CD9D3881274C47C4005E849B /* SEARCH_VIEW_dark.png */ = {isa = PBXFileReference; lastKnownFileType = image.png; path = SEARCH_VIEW_dark.png; sourceTree = "<group>"; };
		CD9D3884274C5491005E849B /* LoadingButton.swift */ = {isa = PBXFileReference; lastKnownFileType = sourcecode.swift; path = LoadingButton.swift; sourceTree = "<group>"; };
		CD9D3887274C6034005E849B /* SEARCH_VIEW_LOADING_dark.png */ = {isa = PBXFileReference; lastKnownFileType = image.png; path = SEARCH_VIEW_LOADING_dark.png; sourceTree = "<group>"; };
		CD9D3888274C6034005E849B /* SEARCH_VIEW_LOADING_light.png */ = {isa = PBXFileReference; lastKnownFileType = image.png; path = SEARCH_VIEW_LOADING_light.png; sourceTree = "<group>"; };
		CD9D388B274C6188005E849B /* ErrorView.swift */ = {isa = PBXFileReference; lastKnownFileType = sourcecode.swift; path = ErrorView.swift; sourceTree = "<group>"; };
		CDD8B5D927482B2400C9F7FF /* LazyFolksEngine.framework */ = {isa = PBXFileReference; explicitFileType = wrapper.framework; includeInIndex = 0; path = LazyFolksEngine.framework; sourceTree = BUILT_PRODUCTS_DIR; };
		CDD8B5E127482B2400C9F7FF /* LazyFolksEngineTests.xctest */ = {isa = PBXFileReference; explicitFileType = wrapper.cfbundle; includeInIndex = 0; path = LazyFolksEngineTests.xctest; sourceTree = BUILT_PRODUCTS_DIR; };
/* End PBXFileReference section */

/* Begin PBXFrameworksBuildPhase section */
		CD9D3853274BF2A4005E849B /* Frameworks */ = {
			isa = PBXFrameworksBuildPhase;
			buildActionMask = 2147483647;
			files = (
				CD9D386C274BF3C3005E849B /* LazyFolksEngine.framework in Frameworks */,
			);
			runOnlyForDeploymentPostprocessing = 0;
		};
		CD9D385A274BF2A4005E849B /* Frameworks */ = {
			isa = PBXFrameworksBuildPhase;
			buildActionMask = 2147483647;
			files = (
				CD9D385E274BF2A4005E849B /* LazyFolksiOS.framework in Frameworks */,
			);
			runOnlyForDeploymentPostprocessing = 0;
		};
		CDD8B5D627482B2400C9F7FF /* Frameworks */ = {
			isa = PBXFrameworksBuildPhase;
			buildActionMask = 2147483647;
			files = (
			);
			runOnlyForDeploymentPostprocessing = 0;
		};
		CDD8B5DE27482B2400C9F7FF /* Frameworks */ = {
			isa = PBXFrameworksBuildPhase;
			buildActionMask = 2147483647;
			files = (
				CDD8B5E227482B2400C9F7FF /* LazyFolksEngine.framework in Frameworks */,
			);
			runOnlyForDeploymentPostprocessing = 0;
		};
/* End PBXFrameworksBuildPhase section */

/* Begin PBXGroup section */
		CD8A26F7274857C10096143A /* Shared API */ = {
			isa = PBXGroup;
			children = (
				CD8A2700274859530096143A /* HTTPClient.swift */,
				CD8A26FE2748590A0096143A /* Infra */,
			);
			path = "Shared API";
			sourceTree = "<group>";
		};
		CD8A26F8274857DC0096143A /* Shared API */ = {
			isa = PBXGroup;
			children = (
				CD8A270227485B9C0096143A /* Helpers */,
				CD8A26FF274859180096143A /* Infra */,
			);
			path = "Shared API";
			sourceTree = "<group>";
		};
		CD8A26FE2748590A0096143A /* Infra */ = {
			isa = PBXGroup;
			children = (
				CD8A26FC274858F80096143A /* URLSessionHTTPClient.swift */,
			);
			path = Infra;
			sourceTree = "<group>";
		};
		CD8A26FF274859180096143A /* Infra */ = {
			isa = PBXGroup;
			children = (
				CD8A26FA274858CB0096143A /* URLSessionHTTPClientTests.swift */,
			);
			path = Infra;
			sourceTree = "<group>";
		};
		CD8A270227485B9C0096143A /* Helpers */ = {
			isa = PBXGroup;
			children = (
				CD8A270327485BB40096143A /* URLProtocolStub.swift */,
			);
			path = Helpers;
			sourceTree = "<group>";
		};
		CD8A2705274870DC0096143A /* Activity API */ = {
			isa = PBXGroup;
			children = (
				CD8A2709274873480096143A /* ActivitiesMapper.swift */,
				CD8A270E274957050096143A /* Activity.swift */,
				CD8A2710274957FE0096143A /* ActivityEndpoint.swift */,
			);
			path = "Activity API";
			sourceTree = "<group>";
		};
		CD8A27062748720C0096143A /* Activity API */ = {
			isa = PBXGroup;
			children = (
				CD8A27072748726E0096143A /* ActivitiesMapperTests.swift */,
				CD8A2712274959250096143A /* ActivityEndpointTests.swift */,
			);
			path = "Activity API";
			sourceTree = "<group>";
		};
		CD8A270B274874EB0096143A /* Helpers */ = {
			isa = PBXGroup;
			children = (
				CD8A270C274875080096143A /* TestHelperFunctions.swift */,
			);
			path = Helpers;
			sourceTree = "<group>";
		};
		CD9D3857274BF2A4005E849B /* LazyFolksiOS */ = {
			isa = PBXGroup;
			children = (
				CD9D3886274C5496005E849B /* Common UI */,
				CD9D3876274BF5DF005E849B /* Search UI */,
			);
			path = LazyFolksiOS;
			sourceTree = "<group>";
		};
		CD9D3861274BF2A4005E849B /* LazyFolksiOSTests */ = {
			isa = PBXGroup;
			children = (
				CD9D387F274C47C4005E849B /* snapshots */,
				CD9D3871274BF550005E849B /* Helpers */,
				CD9D387B274BF7D1005E849B /* SearchViewControllerSnapshotTests.swift */,
			);
			path = LazyFolksiOSTests;
			sourceTree = "<group>";
		};
		CD9D386B274BF3C3005E849B /* Frameworks */ = {
			isa = PBXGroup;
			children = (
			);
			name = Frameworks;
			sourceTree = "<group>";
		};
		CD9D3871274BF550005E849B /* Helpers */ = {
			isa = PBXGroup;
			children = (
				CD9D3872274BF576005E849B /* UIViewController+Snapshot.swift */,
				CD9D3874274BF5BA005E849B /* XCTestCase+Snapshot.swift */,
			);
			path = Helpers;
			sourceTree = "<group>";
		};
		CD9D3876274BF5DF005E849B /* Search UI */ = {
			isa = PBXGroup;
			children = (
				CD9D3879274BF782005E849B /* Controllers */,
				CD9D387A274BF78E005E849B /* Views */,
			);
			path = "Search UI";
			sourceTree = "<group>";
		};
		CD9D3879274BF782005E849B /* Controllers */ = {
			isa = PBXGroup;
			children = (
				CD9D3877274BF609005E849B /* SearchActivityViewController.swift */,
			);
			path = Controllers;
			sourceTree = "<group>";
		};
		CD9D387A274BF78E005E849B /* Views */ = {
			isa = PBXGroup;
			children = (
				CD9D387D274BF956005E849B /* SearchActivityView.swift */,
			);
			path = Views;
			sourceTree = "<group>";
		};
		CD9D387F274C47C4005E849B /* snapshots */ = {
			isa = PBXGroup;
			children = (
				CD9D3887274C6034005E849B /* SEARCH_VIEW_LOADING_dark.png */,
				CD9D3888274C6034005E849B /* SEARCH_VIEW_LOADING_light.png */,
				CD9D3880274C47C4005E849B /* SEARCH_VIEW_light.png */,
				CD9D3881274C47C4005E849B /* SEARCH_VIEW_dark.png */,
			);
			path = snapshots;
			sourceTree = "<group>";
		};
		CD9D3886274C5496005E849B /* Common UI */ = {
			isa = PBXGroup;
			children = (
				CD9D3884274C5491005E849B /* LoadingButton.swift */,
				CD9D388B274C6188005E849B /* ErrorView.swift */,
			);
			path = "Common UI";
			sourceTree = "<group>";
		};
		CDD8B5CF27482B2400C9F7FF = {
			isa = PBXGroup;
			children = (
				CDD8B5DB27482B2400C9F7FF /* LazyFolksEngine */,
				CDD8B5E527482B2400C9F7FF /* LazyFolksEngineTests */,
				CD9D3857274BF2A4005E849B /* LazyFolksiOS */,
				CD9D3861274BF2A4005E849B /* LazyFolksiOSTests */,
				CDD8B5DA27482B2400C9F7FF /* Products */,
				CD9D386B274BF3C3005E849B /* Frameworks */,
			);
			sourceTree = "<group>";
		};
		CDD8B5DA27482B2400C9F7FF /* Products */ = {
			isa = PBXGroup;
			children = (
				CDD8B5D927482B2400C9F7FF /* LazyFolksEngine.framework */,
				CDD8B5E127482B2400C9F7FF /* LazyFolksEngineTests.xctest */,
				CD9D3856274BF2A4005E849B /* LazyFolksiOS.framework */,
				CD9D385D274BF2A4005E849B /* LazyFolksiOSTests.xctest */,
			);
			name = Products;
			sourceTree = "<group>";
		};
		CDD8B5DB27482B2400C9F7FF /* LazyFolksEngine */ = {
			isa = PBXGroup;
			children = (
				CD8A2705274870DC0096143A /* Activity API */,
				CD8A26F7274857C10096143A /* Shared API */,
			);
			path = LazyFolksEngine;
			sourceTree = "<group>";
		};
		CDD8B5E527482B2400C9F7FF /* LazyFolksEngineTests */ = {
			isa = PBXGroup;
			children = (
				CD8A270B274874EB0096143A /* Helpers */,
				CD8A27062748720C0096143A /* Activity API */,
				CD8A26F8274857DC0096143A /* Shared API */,
			);
			path = LazyFolksEngineTests;
			sourceTree = "<group>";
		};
/* End PBXGroup section */

/* Begin PBXHeadersBuildPhase section */
		CD9D3851274BF2A4005E849B /* Headers */ = {
			isa = PBXHeadersBuildPhase;
			buildActionMask = 2147483647;
			files = (
			);
			runOnlyForDeploymentPostprocessing = 0;
		};
		CDD8B5D427482B2400C9F7FF /* Headers */ = {
			isa = PBXHeadersBuildPhase;
			buildActionMask = 2147483647;
			files = (
			);
			runOnlyForDeploymentPostprocessing = 0;
		};
/* End PBXHeadersBuildPhase section */

/* Begin PBXNativeTarget section */
		CD9D3855274BF2A4005E849B /* LazyFolksiOS */ = {
			isa = PBXNativeTarget;
			buildConfigurationList = CD9D3869274BF2A4005E849B /* Build configuration list for PBXNativeTarget "LazyFolksiOS" */;
			buildPhases = (
				CD9D3851274BF2A4005E849B /* Headers */,
				CD9D3852274BF2A4005E849B /* Sources */,
				CD9D3853274BF2A4005E849B /* Frameworks */,
				CD9D3854274BF2A4005E849B /* Resources */,
				CD9D3870274BF3C3005E849B /* Embed Frameworks */,
			);
			buildRules = (
			);
			dependencies = (
				CD9D386F274BF3C3005E849B /* PBXTargetDependency */,
			);
			name = LazyFolksiOS;
			productName = LazyFolksiOS;
			productReference = CD9D3856274BF2A4005E849B /* LazyFolksiOS.framework */;
			productType = "com.apple.product-type.framework";
		};
		CD9D385C274BF2A4005E849B /* LazyFolksiOSTests */ = {
			isa = PBXNativeTarget;
			buildConfigurationList = CD9D386A274BF2A4005E849B /* Build configuration list for PBXNativeTarget "LazyFolksiOSTests" */;
			buildPhases = (
				CD9D3859274BF2A4005E849B /* Sources */,
				CD9D385A274BF2A4005E849B /* Frameworks */,
				CD9D385B274BF2A4005E849B /* Resources */,
			);
			buildRules = (
			);
			dependencies = (
				CD9D3860274BF2A4005E849B /* PBXTargetDependency */,
			);
			name = LazyFolksiOSTests;
			productName = LazyFolksiOSTests;
			productReference = CD9D385D274BF2A4005E849B /* LazyFolksiOSTests.xctest */;
			productType = "com.apple.product-type.bundle.unit-test";
		};
		CDD8B5D827482B2400C9F7FF /* LazyFolksEngine */ = {
			isa = PBXNativeTarget;
			buildConfigurationList = CDD8B5EB27482B2400C9F7FF /* Build configuration list for PBXNativeTarget "LazyFolksEngine" */;
			buildPhases = (
				CDD8B5D427482B2400C9F7FF /* Headers */,
				CDD8B5D527482B2400C9F7FF /* Sources */,
				CDD8B5D627482B2400C9F7FF /* Frameworks */,
				CDD8B5D727482B2400C9F7FF /* Resources */,
			);
			buildRules = (
			);
			dependencies = (
			);
			name = LazyFolksEngine;
			productName = LazyFolksEngine;
			productReference = CDD8B5D927482B2400C9F7FF /* LazyFolksEngine.framework */;
			productType = "com.apple.product-type.framework";
		};
		CDD8B5E027482B2400C9F7FF /* LazyFolksEngineTests */ = {
			isa = PBXNativeTarget;
			buildConfigurationList = CDD8B5EE27482B2400C9F7FF /* Build configuration list for PBXNativeTarget "LazyFolksEngineTests" */;
			buildPhases = (
				CDD8B5DD27482B2400C9F7FF /* Sources */,
				CDD8B5DE27482B2400C9F7FF /* Frameworks */,
				CDD8B5DF27482B2400C9F7FF /* Resources */,
			);
			buildRules = (
			);
			dependencies = (
				CDD8B5E427482B2400C9F7FF /* PBXTargetDependency */,
			);
			name = LazyFolksEngineTests;
			productName = LazyFolksEngineTests;
			productReference = CDD8B5E127482B2400C9F7FF /* LazyFolksEngineTests.xctest */;
			productType = "com.apple.product-type.bundle.unit-test";
		};
/* End PBXNativeTarget section */

/* Begin PBXProject section */
		CDD8B5D027482B2400C9F7FF /* Project object */ = {
			isa = PBXProject;
			attributes = {
				BuildIndependentTargetsInParallel = 1;
				LastSwiftUpdateCheck = 1310;
				LastUpgradeCheck = 1310;
				TargetAttributes = {
					CD9D3855274BF2A4005E849B = {
						CreatedOnToolsVersion = 13.1;
						LastSwiftMigration = 1310;
					};
					CD9D385C274BF2A4005E849B = {
						CreatedOnToolsVersion = 13.1;
					};
					CDD8B5D827482B2400C9F7FF = {
						CreatedOnToolsVersion = 13.1;
						LastSwiftMigration = 1310;
					};
					CDD8B5E027482B2400C9F7FF = {
						CreatedOnToolsVersion = 13.1;
						LastSwiftMigration = 1310;
					};
				};
			};
			buildConfigurationList = CDD8B5D327482B2400C9F7FF /* Build configuration list for PBXProject "LazyFolksEngine" */;
			compatibilityVersion = "Xcode 13.0";
			developmentRegion = en;
			hasScannedForEncodings = 0;
			knownRegions = (
				en,
				Base,
			);
			mainGroup = CDD8B5CF27482B2400C9F7FF;
			productRefGroup = CDD8B5DA27482B2400C9F7FF /* Products */;
			projectDirPath = "";
			projectRoot = "";
			targets = (
				CDD8B5D827482B2400C9F7FF /* LazyFolksEngine */,
				CDD8B5E027482B2400C9F7FF /* LazyFolksEngineTests */,
				CD9D3855274BF2A4005E849B /* LazyFolksiOS */,
				CD9D385C274BF2A4005E849B /* LazyFolksiOSTests */,
			);
		};
/* End PBXProject section */

/* Begin PBXResourcesBuildPhase section */
		CD9D3854274BF2A4005E849B /* Resources */ = {
			isa = PBXResourcesBuildPhase;
			buildActionMask = 2147483647;
			files = (
			);
			runOnlyForDeploymentPostprocessing = 0;
		};
		CD9D385B274BF2A4005E849B /* Resources */ = {
			isa = PBXResourcesBuildPhase;
			buildActionMask = 2147483647;
			files = (
				CD9D388A274C6034005E849B /* SEARCH_VIEW_LOADING_light.png in Resources */,
				CD9D3883274C47C4005E849B /* SEARCH_VIEW_dark.png in Resources */,
				CD9D3889274C6034005E849B /* SEARCH_VIEW_LOADING_dark.png in Resources */,
				CD9D3882274C47C4005E849B /* SEARCH_VIEW_light.png in Resources */,
			);
			runOnlyForDeploymentPostprocessing = 0;
		};
		CDD8B5D727482B2400C9F7FF /* Resources */ = {
			isa = PBXResourcesBuildPhase;
			buildActionMask = 2147483647;
			files = (
			);
			runOnlyForDeploymentPostprocessing = 0;
		};
		CDD8B5DF27482B2400C9F7FF /* Resources */ = {
			isa = PBXResourcesBuildPhase;
			buildActionMask = 2147483647;
			files = (
			);
			runOnlyForDeploymentPostprocessing = 0;
		};
/* End PBXResourcesBuildPhase section */

/* Begin PBXSourcesBuildPhase section */
		CD9D3852274BF2A4005E849B /* Sources */ = {
			isa = PBXSourcesBuildPhase;
			buildActionMask = 2147483647;
			files = (
				CD9D3878274BF609005E849B /* SearchActivityViewController.swift in Sources */,
				CD9D387E274BF956005E849B /* SearchActivityView.swift in Sources */,
				CD9D3885274C5491005E849B /* LoadingButton.swift in Sources */,
				CD9D388C274C6188005E849B /* ErrorView.swift in Sources */,
			);
			runOnlyForDeploymentPostprocessing = 0;
		};
		CD9D3859274BF2A4005E849B /* Sources */ = {
			isa = PBXSourcesBuildPhase;
			buildActionMask = 2147483647;
			files = (
				CD9D3875274BF5BA005E849B /* XCTestCase+Snapshot.swift in Sources */,
				CD9D3873274BF576005E849B /* UIViewController+Snapshot.swift in Sources */,
				CD9D387C274BF7D1005E849B /* SearchViewControllerSnapshotTests.swift in Sources */,
			);
			runOnlyForDeploymentPostprocessing = 0;
		};
		CDD8B5D527482B2400C9F7FF /* Sources */ = {
			isa = PBXSourcesBuildPhase;
			buildActionMask = 2147483647;
			files = (
				CD8A270A274873480096143A /* ActivitiesMapper.swift in Sources */,
				CD8A2701274859530096143A /* HTTPClient.swift in Sources */,
				CD8A270F274957050096143A /* Activity.swift in Sources */,
				CD8A2711274957FE0096143A /* ActivityEndpoint.swift in Sources */,
				CD8A26FD274858F80096143A /* URLSessionHTTPClient.swift in Sources */,
			);
			runOnlyForDeploymentPostprocessing = 0;
		};
		CDD8B5DD27482B2400C9F7FF /* Sources */ = {
			isa = PBXSourcesBuildPhase;
			buildActionMask = 2147483647;
			files = (
				CD8A27082748726E0096143A /* ActivitiesMapperTests.swift in Sources */,
				CD8A270D274875080096143A /* TestHelperFunctions.swift in Sources */,
				CD8A2713274959260096143A /* ActivityEndpointTests.swift in Sources */,
				CD8A26FB274858CB0096143A /* URLSessionHTTPClientTests.swift in Sources */,
				CD8A270427485BB40096143A /* URLProtocolStub.swift in Sources */,
			);
			runOnlyForDeploymentPostprocessing = 0;
		};
/* End PBXSourcesBuildPhase section */

/* Begin PBXTargetDependency section */
		CD9D3860274BF2A4005E849B /* PBXTargetDependency */ = {
			isa = PBXTargetDependency;
			target = CD9D3855274BF2A4005E849B /* LazyFolksiOS */;
			targetProxy = CD9D385F274BF2A4005E849B /* PBXContainerItemProxy */;
		};
		CD9D386F274BF3C3005E849B /* PBXTargetDependency */ = {
			isa = PBXTargetDependency;
			target = CDD8B5D827482B2400C9F7FF /* LazyFolksEngine */;
			targetProxy = CD9D386E274BF3C3005E849B /* PBXContainerItemProxy */;
		};
		CDD8B5E427482B2400C9F7FF /* PBXTargetDependency */ = {
			isa = PBXTargetDependency;
			target = CDD8B5D827482B2400C9F7FF /* LazyFolksEngine */;
			targetProxy = CDD8B5E327482B2400C9F7FF /* PBXContainerItemProxy */;
		};
/* End PBXTargetDependency section */

/* Begin XCBuildConfiguration section */
		CD9D3865274BF2A4005E849B /* Debug */ = {
			isa = XCBuildConfiguration;
			buildSettings = {
				CLANG_ENABLE_MODULES = YES;
				CODE_SIGN_STYLE = Automatic;
				CURRENT_PROJECT_VERSION = 1;
				DEFINES_MODULE = YES;
				DYLIB_COMPATIBILITY_VERSION = 1;
				DYLIB_CURRENT_VERSION = 1;
				DYLIB_INSTALL_NAME_BASE = "@rpath";
				GENERATE_INFOPLIST_FILE = YES;
				INFOPLIST_KEY_NSHumanReadableCopyright = "";
				INSTALL_PATH = "$(LOCAL_LIBRARY_DIR)/Frameworks";
				IPHONEOS_DEPLOYMENT_TARGET = 15.0;
				LD_RUNPATH_SEARCH_PATHS = (
					"$(inherited)",
					"@executable_path/Frameworks",
					"@loader_path/Frameworks",
				);
				MARKETING_VERSION = 1.0;
				PRODUCT_BUNDLE_IDENTIFIER = com.luispiura.LazyFolksiOS;
				PRODUCT_NAME = "$(TARGET_NAME:c99extidentifier)";
				SDKROOT = iphoneos;
				SKIP_INSTALL = YES;
				SUPPORTED_PLATFORMS = "iphonesimulator iphoneos";
				SWIFT_EMIT_LOC_STRINGS = YES;
				SWIFT_OPTIMIZATION_LEVEL = "-Onone";
				SWIFT_VERSION = 5.0;
				TARGETED_DEVICE_FAMILY = "1,2";
			};
			name = Debug;
		};
		CD9D3866274BF2A4005E849B /* Release */ = {
			isa = XCBuildConfiguration;
			buildSettings = {
				CLANG_ENABLE_MODULES = YES;
				CODE_SIGN_STYLE = Automatic;
				CURRENT_PROJECT_VERSION = 1;
				DEFINES_MODULE = YES;
				DYLIB_COMPATIBILITY_VERSION = 1;
				DYLIB_CURRENT_VERSION = 1;
				DYLIB_INSTALL_NAME_BASE = "@rpath";
				GENERATE_INFOPLIST_FILE = YES;
				INFOPLIST_KEY_NSHumanReadableCopyright = "";
				INSTALL_PATH = "$(LOCAL_LIBRARY_DIR)/Frameworks";
				IPHONEOS_DEPLOYMENT_TARGET = 15.0;
				LD_RUNPATH_SEARCH_PATHS = (
					"$(inherited)",
					"@executable_path/Frameworks",
					"@loader_path/Frameworks",
				);
				MARKETING_VERSION = 1.0;
				PRODUCT_BUNDLE_IDENTIFIER = com.luispiura.LazyFolksiOS;
				PRODUCT_NAME = "$(TARGET_NAME:c99extidentifier)";
				SDKROOT = iphoneos;
				SKIP_INSTALL = YES;
				SUPPORTED_PLATFORMS = "iphonesimulator iphoneos";
				SWIFT_EMIT_LOC_STRINGS = YES;
				SWIFT_VERSION = 5.0;
				TARGETED_DEVICE_FAMILY = "1,2";
				VALIDATE_PRODUCT = YES;
			};
			name = Release;
		};
		CD9D3867274BF2A4005E849B /* Debug */ = {
			isa = XCBuildConfiguration;
			buildSettings = {
				ALWAYS_EMBED_SWIFT_STANDARD_LIBRARIES = YES;
				CODE_SIGN_STYLE = Automatic;
				CURRENT_PROJECT_VERSION = 1;
				GENERATE_INFOPLIST_FILE = YES;
				IPHONEOS_DEPLOYMENT_TARGET = 15.0;
				LD_RUNPATH_SEARCH_PATHS = (
					"$(inherited)",
					"@executable_path/Frameworks",
					"@loader_path/Frameworks",
				);
				MARKETING_VERSION = 1.0;
				PRODUCT_BUNDLE_IDENTIFIER = com.luispiura.LazyFolksiOSTests;
				PRODUCT_NAME = "$(TARGET_NAME)";
				SDKROOT = iphoneos;
				SWIFT_EMIT_LOC_STRINGS = NO;
				SWIFT_VERSION = 5.0;
				TARGETED_DEVICE_FAMILY = "1,2";
			};
			name = Debug;
		};
		CD9D3868274BF2A4005E849B /* Release */ = {
			isa = XCBuildConfiguration;
			buildSettings = {
				ALWAYS_EMBED_SWIFT_STANDARD_LIBRARIES = YES;
				CODE_SIGN_STYLE = Automatic;
				CURRENT_PROJECT_VERSION = 1;
				GENERATE_INFOPLIST_FILE = YES;
				IPHONEOS_DEPLOYMENT_TARGET = 15.0;
				LD_RUNPATH_SEARCH_PATHS = (
					"$(inherited)",
					"@executable_path/Frameworks",
					"@loader_path/Frameworks",
				);
				MARKETING_VERSION = 1.0;
				PRODUCT_BUNDLE_IDENTIFIER = com.luispiura.LazyFolksiOSTests;
				PRODUCT_NAME = "$(TARGET_NAME)";
				SDKROOT = iphoneos;
				SWIFT_EMIT_LOC_STRINGS = NO;
				SWIFT_VERSION = 5.0;
				TARGETED_DEVICE_FAMILY = "1,2";
				VALIDATE_PRODUCT = YES;
			};
			name = Release;
		};
		CDD8B5E927482B2400C9F7FF /* Debug */ = {
			isa = XCBuildConfiguration;
			buildSettings = {
				ALWAYS_SEARCH_USER_PATHS = NO;
				CLANG_ANALYZER_NONNULL = YES;
				CLANG_ANALYZER_NUMBER_OBJECT_CONVERSION = YES_AGGRESSIVE;
				CLANG_CXX_LANGUAGE_STANDARD = "gnu++17";
				CLANG_CXX_LIBRARY = "libc++";
				CLANG_ENABLE_MODULES = YES;
				CLANG_ENABLE_OBJC_ARC = YES;
				CLANG_ENABLE_OBJC_WEAK = YES;
				CLANG_WARN_BLOCK_CAPTURE_AUTORELEASING = YES;
				CLANG_WARN_BOOL_CONVERSION = YES;
				CLANG_WARN_COMMA = YES;
				CLANG_WARN_CONSTANT_CONVERSION = YES;
				CLANG_WARN_DEPRECATED_OBJC_IMPLEMENTATIONS = YES;
				CLANG_WARN_DIRECT_OBJC_ISA_USAGE = YES_ERROR;
				CLANG_WARN_DOCUMENTATION_COMMENTS = YES;
				CLANG_WARN_EMPTY_BODY = YES;
				CLANG_WARN_ENUM_CONVERSION = YES;
				CLANG_WARN_INFINITE_RECURSION = YES;
				CLANG_WARN_INT_CONVERSION = YES;
				CLANG_WARN_NON_LITERAL_NULL_CONVERSION = YES;
				CLANG_WARN_OBJC_IMPLICIT_RETAIN_SELF = YES;
				CLANG_WARN_OBJC_LITERAL_CONVERSION = YES;
				CLANG_WARN_OBJC_ROOT_CLASS = YES_ERROR;
				CLANG_WARN_QUOTED_INCLUDE_IN_FRAMEWORK_HEADER = YES;
				CLANG_WARN_RANGE_LOOP_ANALYSIS = YES;
				CLANG_WARN_STRICT_PROTOTYPES = YES;
				CLANG_WARN_SUSPICIOUS_MOVE = YES;
				CLANG_WARN_UNGUARDED_AVAILABILITY = YES_AGGRESSIVE;
				CLANG_WARN_UNREACHABLE_CODE = YES;
				CLANG_WARN__DUPLICATE_METHOD_MATCH = YES;
				COPY_PHASE_STRIP = NO;
				CURRENT_PROJECT_VERSION = 1;
				DEBUG_INFORMATION_FORMAT = dwarf;
				ENABLE_STRICT_OBJC_MSGSEND = YES;
				ENABLE_TESTABILITY = YES;
				GCC_C_LANGUAGE_STANDARD = gnu11;
				GCC_DYNAMIC_NO_PIC = NO;
				GCC_NO_COMMON_BLOCKS = YES;
				GCC_OPTIMIZATION_LEVEL = 0;
				GCC_PREPROCESSOR_DEFINITIONS = (
					"DEBUG=1",
					"$(inherited)",
				);
				GCC_WARN_64_TO_32_BIT_CONVERSION = YES;
				GCC_WARN_ABOUT_RETURN_TYPE = YES_ERROR;
				GCC_WARN_UNDECLARED_SELECTOR = YES;
				GCC_WARN_UNINITIALIZED_AUTOS = YES_AGGRESSIVE;
				GCC_WARN_UNUSED_FUNCTION = YES;
				GCC_WARN_UNUSED_VARIABLE = YES;
				MACOSX_DEPLOYMENT_TARGET = 11.5;
				MTL_ENABLE_DEBUG_INFO = INCLUDE_SOURCE;
				MTL_FAST_MATH = YES;
				ONLY_ACTIVE_ARCH = YES;
				SDKROOT = macosx;
				SWIFT_ACTIVE_COMPILATION_CONDITIONS = DEBUG;
				SWIFT_OPTIMIZATION_LEVEL = "-Onone";
				VERSIONING_SYSTEM = "apple-generic";
				VERSION_INFO_PREFIX = "";
			};
			name = Debug;
		};
		CDD8B5EA27482B2400C9F7FF /* Release */ = {
			isa = XCBuildConfiguration;
			buildSettings = {
				ALWAYS_SEARCH_USER_PATHS = NO;
				CLANG_ANALYZER_NONNULL = YES;
				CLANG_ANALYZER_NUMBER_OBJECT_CONVERSION = YES_AGGRESSIVE;
				CLANG_CXX_LANGUAGE_STANDARD = "gnu++17";
				CLANG_CXX_LIBRARY = "libc++";
				CLANG_ENABLE_MODULES = YES;
				CLANG_ENABLE_OBJC_ARC = YES;
				CLANG_ENABLE_OBJC_WEAK = YES;
				CLANG_WARN_BLOCK_CAPTURE_AUTORELEASING = YES;
				CLANG_WARN_BOOL_CONVERSION = YES;
				CLANG_WARN_COMMA = YES;
				CLANG_WARN_CONSTANT_CONVERSION = YES;
				CLANG_WARN_DEPRECATED_OBJC_IMPLEMENTATIONS = YES;
				CLANG_WARN_DIRECT_OBJC_ISA_USAGE = YES_ERROR;
				CLANG_WARN_DOCUMENTATION_COMMENTS = YES;
				CLANG_WARN_EMPTY_BODY = YES;
				CLANG_WARN_ENUM_CONVERSION = YES;
				CLANG_WARN_INFINITE_RECURSION = YES;
				CLANG_WARN_INT_CONVERSION = YES;
				CLANG_WARN_NON_LITERAL_NULL_CONVERSION = YES;
				CLANG_WARN_OBJC_IMPLICIT_RETAIN_SELF = YES;
				CLANG_WARN_OBJC_LITERAL_CONVERSION = YES;
				CLANG_WARN_OBJC_ROOT_CLASS = YES_ERROR;
				CLANG_WARN_QUOTED_INCLUDE_IN_FRAMEWORK_HEADER = YES;
				CLANG_WARN_RANGE_LOOP_ANALYSIS = YES;
				CLANG_WARN_STRICT_PROTOTYPES = YES;
				CLANG_WARN_SUSPICIOUS_MOVE = YES;
				CLANG_WARN_UNGUARDED_AVAILABILITY = YES_AGGRESSIVE;
				CLANG_WARN_UNREACHABLE_CODE = YES;
				CLANG_WARN__DUPLICATE_METHOD_MATCH = YES;
				COPY_PHASE_STRIP = NO;
				CURRENT_PROJECT_VERSION = 1;
				DEBUG_INFORMATION_FORMAT = "dwarf-with-dsym";
				ENABLE_NS_ASSERTIONS = NO;
				ENABLE_STRICT_OBJC_MSGSEND = YES;
				GCC_C_LANGUAGE_STANDARD = gnu11;
				GCC_NO_COMMON_BLOCKS = YES;
				GCC_WARN_64_TO_32_BIT_CONVERSION = YES;
				GCC_WARN_ABOUT_RETURN_TYPE = YES_ERROR;
				GCC_WARN_UNDECLARED_SELECTOR = YES;
				GCC_WARN_UNINITIALIZED_AUTOS = YES_AGGRESSIVE;
				GCC_WARN_UNUSED_FUNCTION = YES;
				GCC_WARN_UNUSED_VARIABLE = YES;
				MACOSX_DEPLOYMENT_TARGET = 11.5;
				MTL_ENABLE_DEBUG_INFO = NO;
				MTL_FAST_MATH = YES;
				SDKROOT = macosx;
				SWIFT_COMPILATION_MODE = wholemodule;
				SWIFT_OPTIMIZATION_LEVEL = "-O";
				VERSIONING_SYSTEM = "apple-generic";
				VERSION_INFO_PREFIX = "";
			};
			name = Release;
		};
		CDD8B5EC27482B2400C9F7FF /* Debug */ = {
			isa = XCBuildConfiguration;
			buildSettings = {
				CLANG_ENABLE_MODULES = YES;
				CODE_SIGN_STYLE = Automatic;
				COMBINE_HIDPI_IMAGES = YES;
				CURRENT_PROJECT_VERSION = 1;
				DEFINES_MODULE = YES;
				DYLIB_COMPATIBILITY_VERSION = 1;
				DYLIB_CURRENT_VERSION = 1;
				DYLIB_INSTALL_NAME_BASE = "@rpath";
				GENERATE_INFOPLIST_FILE = YES;
				INFOPLIST_KEY_NSHumanReadableCopyright = "";
				INSTALL_PATH = "$(LOCAL_LIBRARY_DIR)/Frameworks";
				LD_RUNPATH_SEARCH_PATHS = (
					"$(inherited)",
					"@executable_path/../Frameworks",
					"@loader_path/Frameworks",
				);
				MACOSX_DEPLOYMENT_TARGET = 10.15;
				MARKETING_VERSION = 1.0;
				PRODUCT_BUNDLE_IDENTIFIER = com.luispiura.LazyFolksEngine;
				PRODUCT_NAME = "$(TARGET_NAME:c99extidentifier)";
				SKIP_INSTALL = YES;
				SUPPORTED_PLATFORMS = "macosx iphoneos iphonesimulator";
				SWIFT_EMIT_LOC_STRINGS = YES;
				SWIFT_OPTIMIZATION_LEVEL = "-Onone";
				SWIFT_VERSION = 5.0;
			};
			name = Debug;
		};
		CDD8B5ED27482B2400C9F7FF /* Release */ = {
			isa = XCBuildConfiguration;
			buildSettings = {
				CLANG_ENABLE_MODULES = YES;
				CODE_SIGN_STYLE = Automatic;
				COMBINE_HIDPI_IMAGES = YES;
				CURRENT_PROJECT_VERSION = 1;
				DEFINES_MODULE = YES;
				DYLIB_COMPATIBILITY_VERSION = 1;
				DYLIB_CURRENT_VERSION = 1;
				DYLIB_INSTALL_NAME_BASE = "@rpath";
				GENERATE_INFOPLIST_FILE = YES;
				INFOPLIST_KEY_NSHumanReadableCopyright = "";
				INSTALL_PATH = "$(LOCAL_LIBRARY_DIR)/Frameworks";
				LD_RUNPATH_SEARCH_PATHS = (
					"$(inherited)",
					"@executable_path/../Frameworks",
					"@loader_path/Frameworks",
				);
				MACOSX_DEPLOYMENT_TARGET = 10.15;
				MARKETING_VERSION = 1.0;
				PRODUCT_BUNDLE_IDENTIFIER = com.luispiura.LazyFolksEngine;
				PRODUCT_NAME = "$(TARGET_NAME:c99extidentifier)";
				SKIP_INSTALL = YES;
				SUPPORTED_PLATFORMS = "macosx iphoneos iphonesimulator";
				SWIFT_EMIT_LOC_STRINGS = YES;
				SWIFT_VERSION = 5.0;
			};
			name = Release;
		};
		CDD8B5EF27482B2400C9F7FF /* Debug */ = {
			isa = XCBuildConfiguration;
			buildSettings = {
				ALWAYS_EMBED_SWIFT_STANDARD_LIBRARIES = YES;
				CLANG_ENABLE_MODULES = YES;
				CODE_SIGN_STYLE = Automatic;
				COMBINE_HIDPI_IMAGES = YES;
				CURRENT_PROJECT_VERSION = 1;
				GENERATE_INFOPLIST_FILE = YES;
				LD_RUNPATH_SEARCH_PATHS = (
					"$(inherited)",
					"@executable_path/../Frameworks",
					"@loader_path/../Frameworks",
				);
				MARKETING_VERSION = 1.0;
				PRODUCT_BUNDLE_IDENTIFIER = com.luispiura.LazyFolksEngineTests;
				PRODUCT_NAME = "$(TARGET_NAME)";
				SWIFT_EMIT_LOC_STRINGS = NO;
				SWIFT_OPTIMIZATION_LEVEL = "-Onone";
				SWIFT_VERSION = 5.0;
			};
			name = Debug;
		};
		CDD8B5F027482B2400C9F7FF /* Release */ = {
			isa = XCBuildConfiguration;
			buildSettings = {
				ALWAYS_EMBED_SWIFT_STANDARD_LIBRARIES = YES;
				CLANG_ENABLE_MODULES = YES;
				CODE_SIGN_STYLE = Automatic;
				COMBINE_HIDPI_IMAGES = YES;
				CURRENT_PROJECT_VERSION = 1;
				GENERATE_INFOPLIST_FILE = YES;
				LD_RUNPATH_SEARCH_PATHS = (
					"$(inherited)",
					"@executable_path/../Frameworks",
					"@loader_path/../Frameworks",
				);
				MARKETING_VERSION = 1.0;
				PRODUCT_BUNDLE_IDENTIFIER = com.luispiura.LazyFolksEngineTests;
				PRODUCT_NAME = "$(TARGET_NAME)";
				SWIFT_EMIT_LOC_STRINGS = NO;
				SWIFT_VERSION = 5.0;
			};
			name = Release;
		};
/* End XCBuildConfiguration section */

/* Begin XCConfigurationList section */
		CD9D3869274BF2A4005E849B /* Build configuration list for PBXNativeTarget "LazyFolksiOS" */ = {
			isa = XCConfigurationList;
			buildConfigurations = (
				CD9D3865274BF2A4005E849B /* Debug */,
				CD9D3866274BF2A4005E849B /* Release */,
			);
			defaultConfigurationIsVisible = 0;
			defaultConfigurationName = Release;
		};
		CD9D386A274BF2A4005E849B /* Build configuration list for PBXNativeTarget "LazyFolksiOSTests" */ = {
			isa = XCConfigurationList;
			buildConfigurations = (
				CD9D3867274BF2A4005E849B /* Debug */,
				CD9D3868274BF2A4005E849B /* Release */,
			);
			defaultConfigurationIsVisible = 0;
			defaultConfigurationName = Release;
		};
		CDD8B5D327482B2400C9F7FF /* Build configuration list for PBXProject "LazyFolksEngine" */ = {
			isa = XCConfigurationList;
			buildConfigurations = (
				CDD8B5E927482B2400C9F7FF /* Debug */,
				CDD8B5EA27482B2400C9F7FF /* Release */,
			);
			defaultConfigurationIsVisible = 0;
			defaultConfigurationName = Release;
		};
		CDD8B5EB27482B2400C9F7FF /* Build configuration list for PBXNativeTarget "LazyFolksEngine" */ = {
			isa = XCConfigurationList;
			buildConfigurations = (
				CDD8B5EC27482B2400C9F7FF /* Debug */,
				CDD8B5ED27482B2400C9F7FF /* Release */,
			);
			defaultConfigurationIsVisible = 0;
			defaultConfigurationName = Release;
		};
		CDD8B5EE27482B2400C9F7FF /* Build configuration list for PBXNativeTarget "LazyFolksEngineTests" */ = {
			isa = XCConfigurationList;
			buildConfigurations = (
				CDD8B5EF27482B2400C9F7FF /* Debug */,
				CDD8B5F027482B2400C9F7FF /* Release */,
			);
			defaultConfigurationIsVisible = 0;
			defaultConfigurationName = Release;
		};
/* End XCConfigurationList section */
	};
	rootObject = CDD8B5D027482B2400C9F7FF /* Project object */;
}
